
Microsoft Visual Studio Solution File, Format Version 12.00
# Visual Studio 15
Project("{FAE04EC0-301F-11D3-BF4B-00C04F79EFBC}") = "Assembly-CSharp", "Assembly-CSharp.csproj", "{C673C8D4-B081-CE4E-BBC8-26AD6A927572}"
EndProject
Global
	GlobalSection(SolutionConfigurationPlatforms) = preSolution
		Debug|Any CPU = Debug|Any CPU
		Release|Any CPU = Release|Any CPU
	EndGlobalSection
	GlobalSection(ProjectConfigurationPlatforms) = postSolution
		{C673C8D4-B081-CE4E-BBC8-26AD6A927572}.Debug|Any CPU.ActiveCfg = Debug|Any CPU
		{C673C8D4-B081-CE4E-BBC8-26AD6A927572}.Debug|Any CPU.Build.0 = Debug|Any CPU
		{C673C8D4-B081-CE4E-BBC8-26AD6A927572}.Release|Any CPU.ActiveCfg = Release|Any CPU
		{C673C8D4-B081-CE4E-BBC8-26AD6A927572}.Release|Any CPU.Build.0 = Release|Any CPU
	EndGlobalSection
	GlobalSection(SolutionProperties) = preSolution
		HideSolutionNode = FALSE
	EndGlobalSection
EndGlobal
